
Microsoft Visual Studio Solution File, Format Version 12.00
# Visual Studio 15
VisualStudioVersion = 15.0.25914.0
MinimumVisualStudioVersion = 10.0.40219.1
Project("{FAE04EC0-301F-11D3-BF4B-00C04F79EFBC}") = "Rx", "Rx\Rx.csproj", "{3BB54C9A-44A0-42E1-A5D6-74564816B219}"
EndProject
Project("{FAE04EC0-301F-11D3-BF4B-00C04F79EFBC}") = "winformRx", "winformRx\winformRx.csproj", "{D03052F1-EDA4-43AC-8F2C-9E89F5EC767A}"
EndProject
Project("{FAE04EC0-301F-11D3-BF4B-00C04F79EFBC}") = "DebugLambda", "DebugLambda\DebugLambda.csproj", "{D4283219-DA3C-4404-AE94-D0F08416EAA1}"
EndProject
Global
	GlobalSection(SolutionConfigurationPlatforms) = preSolution
		Debug|Any CPU = Debug|Any CPU
		Release|Any CPU = Release|Any CPU
	EndGlobalSection
	GlobalSection(ProjectConfigurationPlatforms) = postSolution
		{3BB54C9A-44A0-42E1-A5D6-74564816B219}.Debug|Any CPU.ActiveCfg = Debug|Any CPU
		{3BB54C9A-44A0-42E1-A5D6-74564816B219}.Debug|Any CPU.Build.0 = Debug|Any CPU
		{3BB54C9A-44A0-42E1-A5D6-74564816B219}.Release|Any CPU.ActiveCfg = Release|Any CPU
		{3BB54C9A-44A0-42E1-A5D6-74564816B219}.Release|Any CPU.Build.0 = Release|Any CPU
		{D03052F1-EDA4-43AC-8F2C-9E89F5EC767A}.Debug|Any CPU.ActiveCfg = Debug|Any CPU
		{D03052F1-EDA4-43AC-8F2C-9E89F5EC767A}.Debug|Any CPU.Build.0 = Debug|Any CPU
		{D03052F1-EDA4-43AC-8F2C-9E89F5EC767A}.Release|Any CPU.ActiveCfg = Release|Any CPU
		{D03052F1-EDA4-43AC-8F2C-9E89F5EC767A}.Release|Any CPU.Build.0 = Release|Any CPU
		{D4283219-DA3C-4404-AE94-D0F08416EAA1}.Debug|Any CPU.ActiveCfg = Debug|Any CPU
		{D4283219-DA3C-4404-AE94-D0F08416EAA1}.Debug|Any CPU.Build.0 = Debug|Any CPU
		{D4283219-DA3C-4404-AE94-D0F08416EAA1}.Release|Any CPU.ActiveCfg = Release|Any CPU
		{D4283219-DA3C-4404-AE94-D0F08416EAA1}.Release|Any CPU.Build.0 = Release|Any CPU
	EndGlobalSection
	GlobalSection(SolutionProperties) = preSolution
		HideSolutionNode = FALSE
	EndGlobalSection
EndGlobal
